
Microsoft Visual Studio Solution File, Format Version 12.00
# Visual Studio Version 17
VisualStudioVersion = 17.4.33213.308
MinimumVisualStudioVersion = 10.0.40219.1
Project("{FAE04EC0-301F-11D3-BF4B-00C04F79EFBC}") = "WebAPI CRUD CORE", "WebAPI CRUD CORE\WebAPI CRUD CORE.csproj", "{647A947C-B53D-4159-9D4E-CC618702CA7D}"
EndProject
Global
	GlobalSection(SolutionConfigurationPlatforms) = preSolution
		Debug|Any CPU = Debug|Any CPU
		Release|Any CPU = Release|Any CPU
	EndGlobalSection
	GlobalSection(ProjectConfigurationPlatforms) = postSolution
		{647A947C-B53D-4159-9D4E-CC618702CA7D}.Debug|Any CPU.ActiveCfg = Debug|Any CPU
		{647A947C-B53D-4159-9D4E-CC618702CA7D}.Debug|Any CPU.Build.0 = Debug|Any CPU
		{647A947C-B53D-4159-9D4E-CC618702CA7D}.Release|Any CPU.ActiveCfg = Release|Any CPU
		{647A947C-B53D-4159-9D4E-CC618702CA7D}.Release|Any CPU.Build.0 = Release|Any CPU
	EndGlobalSection
	GlobalSection(SolutionProperties) = preSolution
		HideSolutionNode = FALSE
	EndGlobalSection
	GlobalSection(ExtensibilityGlobals) = postSolution
		SolutionGuid = {F693D6AF-2067-44AA-A198-F700F44C6026}
	EndGlobalSection
EndGlobal
